// !$*UTF8*$!
{
	archiveVersion = 1;
	classes = {
	};
	objectVersion = 56;
	objects = {

/* Begin PBXBuildFile section */
		7B18CD932BAB538C00AA0842 /* HomePresenter.swift in Sources */ = {isa = PBXBuildFile; fileRef = 7B18CD922BAB538C00AA0842 /* HomePresenter.swift */; };
		7B18CD962BAB551700AA0842 /* HomeViewSectionType.swift in Sources */ = {isa = PBXBuildFile; fileRef = 7B18CD952BAB551700AA0842 /* HomeViewSectionType.swift */; };
		7B18CD9A2BAB641000AA0842 /* CreatUICollectionViewCompositionalLayout.swift in Sources */ = {isa = PBXBuildFile; fileRef = 7B18CD992BAB641000AA0842 /* CreatUICollectionViewCompositionalLayout.swift */; };
		7B18CD9E2BAC2A1500AA0842 /* SectionHeaders.swift in Sources */ = {isa = PBXBuildFile; fileRef = 7B18CD9D2BAC2A1500AA0842 /* SectionHeaders.swift */; };
		7B713E242BAA126600E803E1 /* AppDelegate.swift in Sources */ = {isa = PBXBuildFile; fileRef = 7B713E232BAA126600E803E1 /* AppDelegate.swift */; };
		7B713E282BAA126600E803E1 /* HomeViewController.swift in Sources */ = {isa = PBXBuildFile; fileRef = 7B713E272BAA126600E803E1 /* HomeViewController.swift */; };
		7B713E2D2BAA126700E803E1 /* Assets.xcassets in Resources */ = {isa = PBXBuildFile; fileRef = 7B713E2C2BAA126700E803E1 /* Assets.xcassets */; };
		7B713E302BAA126700E803E1 /* LaunchScreen.storyboard in Resources */ = {isa = PBXBuildFile; fileRef = 7B713E2E2BAA126700E803E1 /* LaunchScreen.storyboard */; };
		7B713E382BAA13DD00E803E1 /* ShopViewController.swift in Sources */ = {isa = PBXBuildFile; fileRef = 7B713E372BAA13DD00E803E1 /* ShopViewController.swift */; };
		7B713E3A2BAA14A500E803E1 /* UIColor.swift in Sources */ = {isa = PBXBuildFile; fileRef = 7B713E392BAA14A500E803E1 /* UIColor.swift */; };
		7B713E3C2BAA1B4A00E803E1 /* HomeView.swift in Sources */ = {isa = PBXBuildFile; fileRef = 7B713E3B2BAA1B4A00E803E1 /* HomeView.swift */; };
		7B713E3E2BAA1CCA00E803E1 /* UIView.swift in Sources */ = {isa = PBXBuildFile; fileRef = 7B713E3D2BAA1CCA00E803E1 /* UIView.swift */; };
		7B713E452BAA209900E803E1 /* BannerCell.swift in Sources */ = {isa = PBXBuildFile; fileRef = 7B713E442BAA209900E803E1 /* BannerCell.swift */; };
/* End PBXBuildFile section */

/* Begin PBXFileReference section */
		7B18CD922BAB538C00AA0842 /* HomePresenter.swift */ = {isa = PBXFileReference; lastKnownFileType = sourcecode.swift; path = HomePresenter.swift; sourceTree = "<group>"; };
		7B18CD952BAB551700AA0842 /* HomeViewSectionType.swift */ = {isa = PBXFileReference; lastKnownFileType = sourcecode.swift; path = HomeViewSectionType.swift; sourceTree = "<group>"; };
		7B18CD992BAB641000AA0842 /* CreatUICollectionViewCompositionalLayout.swift */ = {isa = PBXFileReference; lastKnownFileType = sourcecode.swift; path = CreatUICollectionViewCompositionalLayout.swift; sourceTree = "<group>"; };
		7B18CD9D2BAC2A1500AA0842 /* SectionHeaders.swift */ = {isa = PBXFileReference; lastKnownFileType = sourcecode.swift; path = SectionHeaders.swift; sourceTree = "<group>"; };
		7B713E202BAA126600E803E1 /* ShopApp.app */ = {isa = PBXFileReference; explicitFileType = wrapper.application; includeInIndex = 0; path = ShopApp.app; sourceTree = BUILT_PRODUCTS_DIR; };
		7B713E232BAA126600E803E1 /* AppDelegate.swift */ = {isa = PBXFileReference; lastKnownFileType = sourcecode.swift; path = AppDelegate.swift; sourceTree = "<group>"; };
		7B713E272BAA126600E803E1 /* HomeViewController.swift */ = {isa = PBXFileReference; lastKnownFileType = sourcecode.swift; path = HomeViewController.swift; sourceTree = "<group>"; };
		7B713E2C2BAA126700E803E1 /* Assets.xcassets */ = {isa = PBXFileReference; lastKnownFileType = folder.assetcatalog; path = Assets.xcassets; sourceTree = "<group>"; };
		7B713E2F2BAA126700E803E1 /* Base */ = {isa = PBXFileReference; lastKnownFileType = file.storyboard; name = Base; path = Base.lproj/LaunchScreen.storyboard; sourceTree = "<group>"; };
		7B713E312BAA126700E803E1 /* Info.plist */ = {isa = PBXFileReference; lastKnownFileType = text.plist.xml; path = Info.plist; sourceTree = "<group>"; };
		7B713E372BAA13DD00E803E1 /* ShopViewController.swift */ = {isa = PBXFileReference; lastKnownFileType = sourcecode.swift; path = ShopViewController.swift; sourceTree = "<group>"; };
		7B713E392BAA14A500E803E1 /* UIColor.swift */ = {isa = PBXFileReference; lastKnownFileType = sourcecode.swift; path = UIColor.swift; sourceTree = "<group>"; };
		7B713E3B2BAA1B4A00E803E1 /* HomeView.swift */ = {isa = PBXFileReference; lastKnownFileType = sourcecode.swift; path = HomeView.swift; sourceTree = "<group>"; };
		7B713E3D2BAA1CCA00E803E1 /* UIView.swift */ = {isa = PBXFileReference; lastKnownFileType = sourcecode.swift; path = UIView.swift; sourceTree = "<group>"; };
		7B713E442BAA209900E803E1 /* BannerCell.swift */ = {isa = PBXFileReference; lastKnownFileType = sourcecode.swift; path = BannerCell.swift; sourceTree = "<group>"; };
/* End PBXFileReference section */

/* Begin PBXFrameworksBuildPhase section */
		7B713E1D2BAA126600E803E1 /* Frameworks */ = {
			isa = PBXFrameworksBuildPhase;
			buildActionMask = 2147483647;
			files = (
			);
			runOnlyForDeploymentPostprocessing = 0;
		};
/* End PBXFrameworksBuildPhase section */

/* Begin PBXGroup section */
		7B18CD942BAB550200AA0842 /* Models */ = {
			isa = PBXGroup;
			children = (
				7B18CD952BAB551700AA0842 /* HomeViewSectionType.swift */,
			);
			path = Models;
			sourceTree = "<group>";
		};
		7B18CD9B2BAC257300AA0842 /* CreatUICollectionViewCompositionalLayout */ = {
			isa = PBXGroup;
			children = (
				7B18CD992BAB641000AA0842 /* CreatUICollectionViewCompositionalLayout.swift */,
			);
			path = CreatUICollectionViewCompositionalLayout;
			sourceTree = "<group>";
		};
		7B18CD9C2BAC2A0800AA0842 /* SectionHeaders */ = {
			isa = PBXGroup;
			children = (
				7B18CD9D2BAC2A1500AA0842 /* SectionHeaders.swift */,
			);
			path = SectionHeaders;
			sourceTree = "<group>";
		};
		7B713E172BAA126600E803E1 = {
			isa = PBXGroup;
			children = (
				7B713E222BAA126600E803E1 /* ShopApp */,
				7B713E212BAA126600E803E1 /* Products */,
			);
			sourceTree = "<group>";
		};
		7B713E212BAA126600E803E1 /* Products */ = {
			isa = PBXGroup;
			children = (
				7B713E202BAA126600E803E1 /* ShopApp.app */,
			);
			name = Products;
			sourceTree = "<group>";
		};
		7B713E222BAA126600E803E1 /* ShopApp */ = {
			isa = PBXGroup;
			children = (
				7B713E232BAA126600E803E1 /* AppDelegate.swift */,
				7B713E402BAA205100E803E1 /* extentions */,
				7B713E3F2BAA204100E803E1 /* Screens */,
				7B713E2C2BAA126700E803E1 /* Assets.xcassets */,
				7B713E2E2BAA126700E803E1 /* LaunchScreen.storyboard */,
				7B713E312BAA126700E803E1 /* Info.plist */,
			);
			path = ShopApp;
			sourceTree = "<group>";
		};
		7B713E3F2BAA204100E803E1 /* Screens */ = {
			isa = PBXGroup;
			children = (
				7B713E412BAA206300E803E1 /* HomeView */,
				7B713E422BAA207200E803E1 /* ShopView */,
			);
			path = Screens;
			sourceTree = "<group>";
		};
		7B713E402BAA205100E803E1 /* extentions */ = {
			isa = PBXGroup;
			children = (
				7B713E3D2BAA1CCA00E803E1 /* UIView.swift */,
				7B713E392BAA14A500E803E1 /* UIColor.swift */,
			);
			path = extentions;
			sourceTree = "<group>";
		};
		7B713E412BAA206300E803E1 /* HomeView */ = {
			isa = PBXGroup;
			children = (
				7B713E272BAA126600E803E1 /* HomeViewController.swift */,
				7B713E3B2BAA1B4A00E803E1 /* HomeView.swift */,
				7B18CD922BAB538C00AA0842 /* HomePresenter.swift */,
				7B18CD9B2BAC257300AA0842 /* CreatUICollectionViewCompositionalLayout */,
				7B18CD942BAB550200AA0842 /* Models */,
				7B18CD9C2BAC2A0800AA0842 /* SectionHeaders */,
				7B713E432BAA207B00E803E1 /* BannerCell */,
			);
			path = HomeView;
			sourceTree = "<group>";
		};
		7B713E422BAA207200E803E1 /* ShopView */ = {
			isa = PBXGroup;
			children = (
				7B713E372BAA13DD00E803E1 /* ShopViewController.swift */,
			);
			path = ShopView;
			sourceTree = "<group>";
		};
		7B713E432BAA207B00E803E1 /* BannerCell */ = {
			isa = PBXGroup;
			children = (
				7B713E442BAA209900E803E1 /* BannerCell.swift */,
			);
			path = BannerCell;
			sourceTree = "<group>";
		};
/* End PBXGroup section */

/* Begin PBXNativeTarget section */
		7B713E1F2BAA126600E803E1 /* ShopApp */ = {
			isa = PBXNativeTarget;
			buildConfigurationList = 7B713E342BAA126700E803E1 /* Build configuration list for PBXNativeTarget "ShopApp" */;
			buildPhases = (
				7B713E1C2BAA126600E803E1 /* Sources */,
				7B713E1D2BAA126600E803E1 /* Frameworks */,
				7B713E1E2BAA126600E803E1 /* Resources */,
			);
			buildRules = (
			);
			dependencies = (
			);
			name = ShopApp;
			productName = ShopApp;
			productReference = 7B713E202BAA126600E803E1 /* ShopApp.app */;
			productType = "com.apple.product-type.application";
		};
/* End PBXNativeTarget section */

/* Begin PBXProject section */
		7B713E182BAA126600E803E1 /* Project object */ = {
			isa = PBXProject;
			attributes = {
				BuildIndependentTargetsInParallel = 1;
				LastSwiftUpdateCheck = 1520;
				LastUpgradeCheck = 1520;
				TargetAttributes = {
					7B713E1F2BAA126600E803E1 = {
						CreatedOnToolsVersion = 15.2;
					};
				};
			};
			buildConfigurationList = 7B713E1B2BAA126600E803E1 /* Build configuration list for PBXProject "ShopApp" */;
			compatibilityVersion = "Xcode 14.0";
			developmentRegion = en;
			hasScannedForEncodings = 0;
			knownRegions = (
				en,
				Base,
			);
			mainGroup = 7B713E172BAA126600E803E1;
			productRefGroup = 7B713E212BAA126600E803E1 /* Products */;
			projectDirPath = "";
			projectRoot = "";
			targets = (
				7B713E1F2BAA126600E803E1 /* ShopApp */,
			);
		};
/* End PBXProject section */

/* Begin PBXResourcesBuildPhase section */
		7B713E1E2BAA126600E803E1 /* Resources */ = {
			isa = PBXResourcesBuildPhase;
			buildActionMask = 2147483647;
			files = (
				7B713E302BAA126700E803E1 /* LaunchScreen.storyboard in Resources */,
				7B713E2D2BAA126700E803E1 /* Assets.xcassets in Resources */,
			);
			runOnlyForDeploymentPostprocessing = 0;
		};
/* End PBXResourcesBuildPhase section */

/* Begin PBXSourcesBuildPhase section */
		7B713E1C2BAA126600E803E1 /* Sources */ = {
			isa = PBXSourcesBuildPhase;
			buildActionMask = 2147483647;
			files = (
				7B713E452BAA209900E803E1 /* BannerCell.swift in Sources */,
				7B713E282BAA126600E803E1 /* HomeViewController.swift in Sources */,
				7B713E3A2BAA14A500E803E1 /* UIColor.swift in Sources */,
				7B713E242BAA126600E803E1 /* AppDelegate.swift in Sources */,
				7B713E3C2BAA1B4A00E803E1 /* HomeView.swift in Sources */,
				7B713E3E2BAA1CCA00E803E1 /* UIView.swift in Sources */,
				7B18CD962BAB551700AA0842 /* HomeViewSectionType.swift in Sources */,
				7B713E382BAA13DD00E803E1 /* ShopViewController.swift in Sources */,
				7B18CD932BAB538C00AA0842 /* HomePresenter.swift in Sources */,
				7B18CD9A2BAB641000AA0842 /* CreatUICollectionViewCompositionalLayout.swift in Sources */,
				7B18CD9E2BAC2A1500AA0842 /* SectionHeaders.swift in Sources */,
			);
			runOnlyForDeploymentPostprocessing = 0;
		};
/* End PBXSourcesBuildPhase section */

/* Begin PBXVariantGroup section */
		7B713E2E2BAA126700E803E1 /* LaunchScreen.storyboard */ = {
			isa = PBXVariantGroup;
			children = (
				7B713E2F2BAA126700E803E1 /* Base */,
			);
			name = LaunchScreen.storyboard;
			sourceTree = "<group>";
		};
/* End PBXVariantGroup section */

/* Begin XCBuildConfiguration section */
		7B713E322BAA126700E803E1 /* Debug */ = {
			isa = XCBuildConfiguration;
			buildSettings = {
				ALWAYS_SEARCH_USER_PATHS = NO;
				ASSETCATALOG_COMPILER_GENERATE_SWIFT_ASSET_SYMBOL_EXTENSIONS = YES;
				CLANG_ANALYZER_NONNULL = YES;
				CLANG_ANALYZER_NUMBER_OBJECT_CONVERSION = YES_AGGRESSIVE;
				CLANG_CXX_LANGUAGE_STANDARD = "gnu++20";
				CLANG_ENABLE_MODULES = YES;
				CLANG_ENABLE_OBJC_ARC = YES;
				CLANG_ENABLE_OBJC_WEAK = YES;
				CLANG_WARN_BLOCK_CAPTURE_AUTORELEASING = YES;
				CLANG_WARN_BOOL_CONVERSION = YES;
				CLANG_WARN_COMMA = YES;
				CLANG_WARN_CONSTANT_CONVERSION = YES;
				CLANG_WARN_DEPRECATED_OBJC_IMPLEMENTATIONS = YES;
				CLANG_WARN_DIRECT_OBJC_ISA_USAGE = YES_ERROR;
				CLANG_WARN_DOCUMENTATION_COMMENTS = YES;
				CLANG_WARN_EMPTY_BODY = YES;
				CLANG_WARN_ENUM_CONVERSION = YES;
				CLANG_WARN_INFINITE_RECURSION = YES;
				CLANG_WARN_INT_CONVERSION = YES;
				CLANG_WARN_NON_LITERAL_NULL_CONVERSION = YES;
				CLANG_WARN_OBJC_IMPLICIT_RETAIN_SELF = YES;
				CLANG_WARN_OBJC_LITERAL_CONVERSION = YES;
				CLANG_WARN_OBJC_ROOT_CLASS = YES_ERROR;
				CLANG_WARN_QUOTED_INCLUDE_IN_FRAMEWORK_HEADER = YES;
				CLANG_WARN_RANGE_LOOP_ANALYSIS = YES;
				CLANG_WARN_STRICT_PROTOTYPES = YES;
				CLANG_WARN_SUSPICIOUS_MOVE = YES;
				CLANG_WARN_UNGUARDED_AVAILABILITY = YES_AGGRESSIVE;
				CLANG_WARN_UNREACHABLE_CODE = YES;
				CLANG_WARN__DUPLICATE_METHOD_MATCH = YES;
				COPY_PHASE_STRIP = NO;
				DEBUG_INFORMATION_FORMAT = dwarf;
				ENABLE_STRICT_OBJC_MSGSEND = YES;
				ENABLE_TESTABILITY = YES;
				ENABLE_USER_SCRIPT_SANDBOXING = YES;
				GCC_C_LANGUAGE_STANDARD = gnu17;
				GCC_DYNAMIC_NO_PIC = NO;
				GCC_NO_COMMON_BLOCKS = YES;
				GCC_OPTIMIZATION_LEVEL = 0;
				GCC_PREPROCESSOR_DEFINITIONS = (
					"DEBUG=1",
					"$(inherited)",
				);
				GCC_WARN_64_TO_32_BIT_CONVERSION = YES;
				GCC_WARN_ABOUT_RETURN_TYPE = YES_ERROR;
				GCC_WARN_UNDECLARED_SELECTOR = YES;
				GCC_WARN_UNINITIALIZED_AUTOS = YES_AGGRESSIVE;
				GCC_WARN_UNUSED_FUNCTION = YES;
				GCC_WARN_UNUSED_VARIABLE = YES;
				IPHONEOS_DEPLOYMENT_TARGET = 13.0;
				LOCALIZATION_PREFERS_STRING_CATALOGS = YES;
				MTL_ENABLE_DEBUG_INFO = INCLUDE_SOURCE;
				MTL_FAST_MATH = YES;
				ONLY_ACTIVE_ARCH = YES;
				SDKROOT = iphoneos;
				SWIFT_ACTIVE_COMPILATION_CONDITIONS = "DEBUG $(inherited)";
				SWIFT_OPTIMIZATION_LEVEL = "-Onone";
			};
			name = Debug;
		};
		7B713E332BAA126700E803E1 /* Release */ = {
			isa = XCBuildConfiguration;
			buildSettings = {
				ALWAYS_SEARCH_USER_PATHS = NO;
				ASSETCATALOG_COMPILER_GENERATE_SWIFT_ASSET_SYMBOL_EXTENSIONS = YES;
				CLANG_ANALYZER_NONNULL = YES;
				CLANG_ANALYZER_NUMBER_OBJECT_CONVERSION = YES_AGGRESSIVE;
				CLANG_CXX_LANGUAGE_STANDARD = "gnu++20";
				CLANG_ENABLE_MODULES = YES;
				CLANG_ENABLE_OBJC_ARC = YES;
				CLANG_ENABLE_OBJC_WEAK = YES;
				CLANG_WARN_BLOCK_CAPTURE_AUTORELEASING = YES;
				CLANG_WARN_BOOL_CONVERSION = YES;
				CLANG_WARN_COMMA = YES;
				CLANG_WARN_CONSTANT_CONVERSION = YES;
				CLANG_WARN_DEPRECATED_OBJC_IMPLEMENTATIONS = YES;
				CLANG_WARN_DIRECT_OBJC_ISA_USAGE = YES_ERROR;
				CLANG_WARN_DOCUMENTATION_COMMENTS = YES;
				CLANG_WARN_EMPTY_BODY = YES;
				CLANG_WARN_ENUM_CONVERSION = YES;
				CLANG_WARN_INFINITE_RECURSION = YES;
				CLANG_WARN_INT_CONVERSION = YES;
				CLANG_WARN_NON_LITERAL_NULL_CONVERSION = YES;
				CLANG_WARN_OBJC_IMPLICIT_RETAIN_SELF = YES;
				CLANG_WARN_OBJC_LITERAL_CONVERSION = YES;
				CLANG_WARN_OBJC_ROOT_CLASS = YES_ERROR;
				CLANG_WARN_QUOTED_INCLUDE_IN_FRAMEWORK_HEADER = YES;
				CLANG_WARN_RANGE_LOOP_ANALYSIS = YES;
				CLANG_WARN_STRICT_PROTOTYPES = YES;
				CLANG_WARN_SUSPICIOUS_MOVE = YES;
				CLANG_WARN_UNGUARDED_AVAILABILITY = YES_AGGRESSIVE;
				CLANG_WARN_UNREACHABLE_CODE = YES;
				CLANG_WARN__DUPLICATE_METHOD_MATCH = YES;
				COPY_PHASE_STRIP = NO;
				DEBUG_INFORMATION_FORMAT = "dwarf-with-dsym";
				ENABLE_NS_ASSERTIONS = NO;
				ENABLE_STRICT_OBJC_MSGSEND = YES;
				ENABLE_USER_SCRIPT_SANDBOXING = YES;
				GCC_C_LANGUAGE_STANDARD = gnu17;
				GCC_NO_COMMON_BLOCKS = YES;
				GCC_WARN_64_TO_32_BIT_CONVERSION = YES;
				GCC_WARN_ABOUT_RETURN_TYPE = YES_ERROR;
				GCC_WARN_UNDECLARED_SELECTOR = YES;
				GCC_WARN_UNINITIALIZED_AUTOS = YES_AGGRESSIVE;
				GCC_WARN_UNUSED_FUNCTION = YES;
				GCC_WARN_UNUSED_VARIABLE = YES;
				IPHONEOS_DEPLOYMENT_TARGET = 13.0;
				LOCALIZATION_PREFERS_STRING_CATALOGS = YES;
				MTL_ENABLE_DEBUG_INFO = NO;
				MTL_FAST_MATH = YES;
				SDKROOT = iphoneos;
				SWIFT_COMPILATION_MODE = wholemodule;
				VALIDATE_PRODUCT = YES;
			};
			name = Release;
		};
		7B713E352BAA126700E803E1 /* Debug */ = {
			isa = XCBuildConfiguration;
			buildSettings = {
				ASSETCATALOG_COMPILER_APPICON_NAME = AppIcon;
				ASSETCATALOG_COMPILER_GLOBAL_ACCENT_COLOR_NAME = AccentColor;
				CODE_SIGN_STYLE = Automatic;
				CURRENT_PROJECT_VERSION = 1;
				DEVELOPMENT_TEAM = 3DJM2CZRX2;
				GENERATE_INFOPLIST_FILE = YES;
				INFOPLIST_FILE = ShopApp/Info.plist;
				INFOPLIST_KEY_UIApplicationSupportsIndirectInputEvents = YES;
				INFOPLIST_KEY_UILaunchStoryboardName = LaunchScreen;
				INFOPLIST_KEY_UIMainStoryboardFile = "";
				INFOPLIST_KEY_UISupportedInterfaceOrientations_iPad = "UIInterfaceOrientationPortrait UIInterfaceOrientationPortraitUpsideDown UIInterfaceOrientationLandscapeLeft UIInterfaceOrientationLandscapeRight";
				INFOPLIST_KEY_UISupportedInterfaceOrientations_iPhone = "UIInterfaceOrientationPortrait UIInterfaceOrientationLandscapeLeft UIInterfaceOrientationLandscapeRight";
				IPHONEOS_DEPLOYMENT_TARGET = 13.0;
				LD_RUNPATH_SEARCH_PATHS = (
					"$(inherited)",
					"@executable_path/Frameworks",
				);
				MARKETING_VERSION = 1.0;
				PRODUCT_BUNDLE_IDENTIFIER = AssA.ShopApp.ShopApp;
				PRODUCT_NAME = "$(TARGET_NAME)";
				SUPPORTED_PLATFORMS = "iphoneos iphonesimulator";
				SUPPORTS_MACCATALYST = NO;
				SUPPORTS_MAC_DESIGNED_FOR_IPHONE_IPAD = NO;
				SUPPORTS_XR_DESIGNED_FOR_IPHONE_IPAD = NO;
				SWIFT_EMIT_LOC_STRINGS = YES;
				SWIFT_VERSION = 5.0;
				TARGETED_DEVICE_FAMILY = "1,2";
			};
			name = Debug;
		};
		7B713E362BAA126700E803E1 /* Release */ = {
			isa = XCBuildConfiguration;
			buildSettings = {
				ASSETCATALOG_COMPILER_APPICON_NAME = AppIcon;
				ASSETCATALOG_COMPILER_GLOBAL_ACCENT_COLOR_NAME = AccentColor;
				CODE_SIGN_STYLE = Automatic;
				CURRENT_PROJECT_VERSION = 1;
				DEVELOPMENT_TEAM = 3DJM2CZRX2;
				GENERATE_INFOPLIST_FILE = YES;
				INFOPLIST_FILE = ShopApp/Info.plist;
				INFOPLIST_KEY_UIApplicationSupportsIndirectInputEvents = YES;
				INFOPLIST_KEY_UILaunchStoryboardName = LaunchScreen;
				INFOPLIST_KEY_UIMainStoryboardFile = "";
				INFOPLIST_KEY_UISupportedInterfaceOrientations_iPad = "UIInterfaceOrientationPortrait UIInterfaceOrientationPortraitUpsideDown UIInterfaceOrientationLandscapeLeft UIInterfaceOrientationLandscapeRight";
				INFOPLIST_KEY_UISupportedInterfaceOrientations_iPhone = "UIInterfaceOrientationPortrait UIInterfaceOrientationLandscapeLeft UIInterfaceOrientationLandscapeRight";
				IPHONEOS_DEPLOYMENT_TARGET = 13.0;
				LD_RUNPATH_SEARCH_PATHS = (
					"$(inherited)",
					"@executable_path/Frameworks",
				);
				MARKETING_VERSION = 1.0;
				PRODUCT_BUNDLE_IDENTIFIER = AssA.ShopApp.ShopApp;
				PRODUCT_NAME = "$(TARGET_NAME)";
				SUPPORTED_PLATFORMS = "iphoneos iphonesimulator";
				SUPPORTS_MACCATALYST = NO;
				SUPPORTS_MAC_DESIGNED_FOR_IPHONE_IPAD = NO;
				SUPPORTS_XR_DESIGNED_FOR_IPHONE_IPAD = NO;
				SWIFT_EMIT_LOC_STRINGS = YES;
				SWIFT_VERSION = 5.0;
				TARGETED_DEVICE_FAMILY = "1,2";
			};
			name = Release;
		};
/* End XCBuildConfiguration section */

/* Begin XCConfigurationList section */
		7B713E1B2BAA126600E803E1 /* Build configuration list for PBXProject "ShopApp" */ = {
			isa = XCConfigurationList;
			buildConfigurations = (
				7B713E322BAA126700E803E1 /* Debug */,
				7B713E332BAA126700E803E1 /* Release */,
			);
			defaultConfigurationIsVisible = 0;
			defaultConfigurationName = Release;
		};
		7B713E342BAA126700E803E1 /* Build configuration list for PBXNativeTarget "ShopApp" */ = {
			isa = XCConfigurationList;
			buildConfigurations = (
				7B713E352BAA126700E803E1 /* Debug */,
				7B713E362BAA126700E803E1 /* Release */,
			);
			defaultConfigurationIsVisible = 0;
			defaultConfigurationName = Release;
		};
/* End XCConfigurationList section */
	};
	rootObject = 7B713E182BAA126600E803E1 /* Project object */;
}
